// !$*UTF8*$!
{
	archiveVersion = 1;
	classes = {
	};
	objectVersion = 48;
	objects = {

/* Begin PBXBuildFile section */
		ACF8D8992046D9D70080579A /* AppDelegate.swift in Sources */ = {isa = PBXBuildFile; fileRef = ACF8D8982046D9D70080579A /* AppDelegate.swift */; };
		ACF8D89B2046D9D70080579A /* ViewController.swift in Sources */ = {isa = PBXBuildFile; fileRef = ACF8D89A2046D9D70080579A /* ViewController.swift */; };
		ACF8D89E2046D9D70080579A /* Main.storyboard in Resources */ = {isa = PBXBuildFile; fileRef = ACF8D89C2046D9D70080579A /* Main.storyboard */; };
		ACF8D8A12046D9D70080579A /* DemoSQLite.xcdatamodeld in Sources */ = {isa = PBXBuildFile; fileRef = ACF8D89F2046D9D70080579A /* DemoSQLite.xcdatamodeld */; };
		ACF8D8A32046D9D70080579A /* Assets.xcassets in Resources */ = {isa = PBXBuildFile; fileRef = ACF8D8A22046D9D70080579A /* Assets.xcassets */; };
		ACF8D8A62046D9D70080579A /* LaunchScreen.storyboard in Resources */ = {isa = PBXBuildFile; fileRef = ACF8D8A42046D9D70080579A /* LaunchScreen.storyboard */; };
/* End PBXBuildFile section */

/* Begin PBXFileReference section */
		ACF8D8952046D9D70080579A /* DemoSQLite.app */ = {isa = PBXFileReference; explicitFileType = wrapper.application; includeInIndex = 0; path = DemoSQLite.app; sourceTree = BUILT_PRODUCTS_DIR; };
		ACF8D8982046D9D70080579A /* AppDelegate.swift */ = {isa = PBXFileReference; lastKnownFileType = sourcecode.swift; path = AppDelegate.swift; sourceTree = "<group>"; };
		ACF8D89A2046D9D70080579A /* ViewController.swift */ = {isa = PBXFileReference; lastKnownFileType = sourcecode.swift; path = ViewController.swift; sourceTree = "<group>"; };
		ACF8D89D2046D9D70080579A /* Base */ = {isa = PBXFileReference; lastKnownFileType = file.storyboard; name = Base; path = Base.lproj/Main.storyboard; sourceTree = "<group>"; };
		ACF8D8A02046D9D70080579A /* DemoSQLite.xcdatamodel */ = {isa = PBXFileReference; lastKnownFileType = wrapper.xcdatamodel; path = DemoSQLite.xcdatamodel; sourceTree = "<group>"; };
		ACF8D8A22046D9D70080579A /* Assets.xcassets */ = {isa = PBXFileReference; lastKnownFileType = folder.assetcatalog; path = Assets.xcassets; sourceTree = "<group>"; };
		ACF8D8A52046D9D70080579A /* Base */ = {isa = PBXFileReference; lastKnownFileType = file.storyboard; name = Base; path = Base.lproj/LaunchScreen.storyboard; sourceTree = "<group>"; };
		ACF8D8A72046D9D70080579A /* Info.plist */ = {isa = PBXFileReference; lastKnownFileType = text.plist.xml; path = Info.plist; sourceTree = "<group>"; };
/* End PBXFileReference section */

/* Begin PBXFrameworksBuildPhase section */
		ACF8D8922046D9D70080579A /* Frameworks */ = {
			isa = PBXFrameworksBuildPhase;
			buildActionMask = 2147483647;
			files = (
			);
			runOnlyForDeploymentPostprocessing = 0;
		};
/* End PBXFrameworksBuildPhase section */

/* Begin PBXGroup section */
		ACF8D88C2046D9D70080579A = {
			isa = PBXGroup;
			children = (
				ACF8D8972046D9D70080579A /* DemoSQLite */,
				ACF8D8962046D9D70080579A /* Products */,
			);
			sourceTree = "<group>";
		};
		ACF8D8962046D9D70080579A /* Products */ = {
			isa = PBXGroup;
			children = (
				ACF8D8952046D9D70080579A /* DemoSQLite.app */,
			);
			name = Products;
			sourceTree = "<group>";
		};
		ACF8D8972046D9D70080579A /* DemoSQLite */ = {
			isa = PBXGroup;
			children = (
				ACF8D8982046D9D70080579A /* AppDelegate.swift */,
				ACF8D89A2046D9D70080579A /* ViewController.swift */,
				ACF8D89C2046D9D70080579A /* Main.storyboard */,
				ACF8D8A22046D9D70080579A /* Assets.xcassets */,
				ACF8D8A42046D9D70080579A /* LaunchScreen.storyboard */,
				ACF8D8A72046D9D70080579A /* Info.plist */,
				ACF8D89F2046D9D70080579A /* DemoSQLite.xcdatamodeld */,
			);
			path = DemoSQLite;
			sourceTree = "<group>";
		};
/* End PBXGroup section */

/* Begin PBXNativeTarget section */
		ACF8D8942046D9D70080579A /* DemoSQLite */ = {
			isa = PBXNativeTarget;
			buildConfigurationList = ACF8D8AA2046D9D70080579A /* Build configuration list for PBXNativeTarget "DemoSQLite" */;
			buildPhases = (
				ACF8D8912046D9D70080579A /* Sources */,
				ACF8D8922046D9D70080579A /* Frameworks */,
				ACF8D8932046D9D70080579A /* Resources */,
			);
			buildRules = (
			);
			dependencies = (
			);
			name = DemoSQLite;
			productName = DemoSQLite;
			productReference = ACF8D8952046D9D70080579A /* DemoSQLite.app */;
			productType = "com.apple.product-type.application";
		};
/* End PBXNativeTarget section */

/* Begin PBXProject section */
		ACF8D88D2046D9D70080579A /* Project object */ = {
			isa = PBXProject;
			attributes = {
				LastSwiftUpdateCheck = 0920;
				LastUpgradeCheck = 0920;
				ORGANIZATIONNAME = FTechiz;
				TargetAttributes = {
					ACF8D8942046D9D70080579A = {
						CreatedOnToolsVersion = 9.2;
						ProvisioningStyle = Automatic;
					};
				};
			};
			buildConfigurationList = ACF8D8902046D9D70080579A /* Build configuration list for PBXProject "DemoSQLite" */;
			compatibilityVersion = "Xcode 8.0";
			developmentRegion = en;
			hasScannedForEncodings = 0;
			knownRegions = (
				en,
				Base,
			);
			mainGroup = ACF8D88C2046D9D70080579A;
			productRefGroup = ACF8D8962046D9D70080579A /* Products */;
			projectDirPath = "";
			projectRoot = "";
			targets = (
				ACF8D8942046D9D70080579A /* DemoSQLite */,
			);
		};
/* End PBXProject section */

/* Begin PBXResourcesBuildPhase section */
		ACF8D8932046D9D70080579A /* Resources */ = {
			isa = PBXResourcesBuildPhase;
			buildActionMask = 2147483647;
			files = (
				ACF8D8A62046D9D70080579A /* LaunchScreen.storyboard in Resources */,
				ACF8D8A32046D9D70080579A /* Assets.xcassets in Resources */,
				ACF8D89E2046D9D70080579A /* Main.storyboard in Resources */,
			);
			runOnlyForDeploymentPostprocessing = 0;
		};
/* End PBXResourcesBuildPhase section */

/* Begin PBXSourcesBuildPhase section */
		ACF8D8912046D9D70080579A /* Sources */ = {
			isa = PBXSourcesBuildPhase;
			buildActionMask = 2147483647;
			files = (
				ACF8D89B2046D9D70080579A /* ViewController.swift in Sources */,
				ACF8D8992046D9D70080579A /* AppDelegate.swift in Sources */,
				ACF8D8A12046D9D70080579A /* DemoSQLite.xcdatamodeld in Sources */,
			);
			runOnlyForDeploymentPostprocessing = 0;
		};
/* End PBXSourcesBuildPhase section */

/* Begin PBXVariantGroup section */
		ACF8D89C2046D9D70080579A /* Main.storyboard */ = {
			isa = PBXVariantGroup;
			children = (
				ACF8D89D2046D9D70080579A /* Base */,
			);
			name = Main.storyboard;
			sourceTree = "<group>";
		};
		ACF8D8A42046D9D70080579A /* LaunchScreen.storyboard */ = {
			isa = PBXVariantGroup;
			children = (
				ACF8D8A52046D9D70080579A /* Base */,
			);
			name = LaunchScreen.storyboard;
			sourceTree = "<group>";
		};
/* End PBXVariantGroup section */

/* Begin XCBuildConfiguration section */
		ACF8D8A82046D9D70080579A /* Debug */ = {
			isa = XCBuildConfiguration;
			buildSettings = {
				ALWAYS_SEARCH_USER_PATHS = NO;
				CLANG_ANALYZER_NONNULL = YES;
				CLANG_ANALYZER_NUMBER_OBJECT_CONVERSION = YES_AGGRESSIVE;
				CLANG_CXX_LANGUAGE_STANDARD = "gnu++14";
				CLANG_CXX_LIBRARY = "libc++";
				CLANG_ENABLE_MODULES = YES;
				CLANG_ENABLE_OBJC_ARC = YES;
				CLANG_WARN_BLOCK_CAPTURE_AUTORELEASING = YES;
				CLANG_WARN_BOOL_CONVERSION = YES;
				CLANG_WARN_COMMA = YES;
				CLANG_WARN_CONSTANT_CONVERSION = YES;
				CLANG_WARN_DIRECT_OBJC_ISA_USAGE = YES_ERROR;
				CLANG_WARN_DOCUMENTATION_COMMENTS = YES;
				CLANG_WARN_EMPTY_BODY = YES;
				CLANG_WARN_ENUM_CONVERSION = YES;
				CLANG_WARN_INFINITE_RECURSION = YES;
				CLANG_WARN_INT_CONVERSION = YES;
				CLANG_WARN_NON_LITERAL_NULL_CONVERSION = YES;
				CLANG_WARN_OBJC_LITERAL_CONVERSION = YES;
				CLANG_WARN_OBJC_ROOT_CLASS = YES_ERROR;
				CLANG_WARN_RANGE_LOOP_ANALYSIS = YES;
				CLANG_WARN_STRICT_PROTOTYPES = YES;
				CLANG_WARN_SUSPICIOUS_MOVE = YES;
				CLANG_WARN_UNGUARDED_AVAILABILITY = YES_AGGRESSIVE;
				CLANG_WARN_UNREACHABLE_CODE = YES;
				CLANG_WARN__DUPLICATE_METHOD_MATCH = YES;
				CODE_SIGN_IDENTITY = "iPhone Developer";
				COPY_PHASE_STRIP = NO;
				DEBUG_INFORMATION_FORMAT = dwarf;
				ENABLE_STRICT_OBJC_MSGSEND = YES;
				ENABLE_TESTABILITY = YES;
				GCC_C_LANGUAGE_STANDARD = gnu11;
				GCC_DYNAMIC_NO_PIC = NO;
				GCC_NO_COMMON_BLOCKS = YES;
				GCC_OPTIMIZATION_LEVEL = 0;
				GCC_PREPROCESSOR_DEFINITIONS = (
					"DEBUG=1",
					"$(inherited)",
				);
				GCC_WARN_64_TO_32_BIT_CONVERSION = YES;
				GCC_WARN_ABOUT_RETURN_TYPE = YES_ERROR;
				GCC_WARN_UNDECLARED_SELECTOR = YES;
				GCC_WARN_UNINITIALIZED_AUTOS = YES_AGGRESSIVE;
				GCC_WARN_UNUSED_FUNCTION = YES;
				GCC_WARN_UNUSED_VARIABLE = YES;
				IPHONEOS_DEPLOYMENT_TARGET = 11.2;
				MTL_ENABLE_DEBUG_INFO = YES;
				ONLY_ACTIVE_ARCH = YES;
				SDKROOT = iphoneos;
				SWIFT_ACTIVE_COMPILATION_CONDITIONS = DEBUG;
				SWIFT_OPTIMIZATION_LEVEL = "-Onone";
			};
			name = Debug;
		};
		ACF8D8A92046D9D70080579A /* Release */ = {
			isa = XCBuildConfiguration;
			buildSettings = {
				ALWAYS_SEARCH_USER_PATHS = NO;
				CLANG_ANALYZER_NONNULL = YES;
				CLANG_ANALYZER_NUMBER_OBJECT_CONVERSION = YES_AGGRESSIVE;
				CLANG_CXX_LANGUAGE_STANDARD = "gnu++14";
				CLANG_CXX_LIBRARY = "libc++";
				CLANG_ENABLE_MODULES = YES;
				CLANG_ENABLE_OBJC_ARC = YES;
				CLANG_WARN_BLOCK_CAPTURE_AUTORELEASING = YES;
				CLANG_WARN_BOOL_CONVERSION = YES;
				CLANG_WARN_COMMA = YES;
				CLANG_WARN_CONSTANT_CONVERSION = YES;
				CLANG_WARN_DIRECT_OBJC_ISA_USAGE = YES_ERROR;
				CLANG_WARN_DOCUMENTATION_COMMENTS = YES;
				CLANG_WARN_EMPTY_BODY = YES;
				CLANG_WARN_ENUM_CONVERSION = YES;
				CLANG_WARN_INFINITE_RECURSION = YES;
				CLANG_WARN_INT_CONVERSION = YES;
				CLANG_WARN_NON_LITERAL_NULL_CONVERSION = YES;
				CLANG_WARN_OBJC_LITERAL_CONVERSION = YES;
				CLANG_WARN_OBJC_ROOT_CLASS = YES_ERROR;
				CLANG_WARN_RANGE_LOOP_ANALYSIS = YES;
				CLANG_WARN_STRICT_PROTOTYPES = YES;
				CLANG_WARN_SUSPICIOUS_MOVE = YES;
				CLANG_WARN_UNGUARDED_AVAILABILITY = YES_AGGRESSIVE;
				CLANG_WARN_UNREACHABLE_CODE = YES;
				CLANG_WARN__DUPLICATE_METHOD_MATCH = YES;
				CODE_SIGN_IDENTITY = "iPhone Developer";
				COPY_PHASE_STRIP = NO;
				DEBUG_INFORMATION_FORMAT = "dwarf-with-dsym";
				ENABLE_NS_ASSERTIONS = NO;
				ENABLE_STRICT_OBJC_MSGSEND = YES;
				GCC_C_LANGUAGE_STANDARD = gnu11;
				GCC_NO_COMMON_BLOCKS = YES;
				GCC_WARN_64_TO_32_BIT_CONVERSION = YES;
				GCC_WARN_ABOUT_RETURN_TYPE = YES_ERROR;
				GCC_WARN_UNDECLARED_SELECTOR = YES;
				GCC_WARN_UNINITIALIZED_AUTOS = YES_AGGRESSIVE;
				GCC_WARN_UNUSED_FUNCTION = YES;
				GCC_WARN_UNUSED_VARIABLE = YES;
				IPHONEOS_DEPLOYMENT_TARGET = 11.2;
				MTL_ENABLE_DEBUG_INFO = NO;
				SDKROOT = iphoneos;
				SWIFT_OPTIMIZATION_LEVEL = "-Owholemodule";
				VALIDATE_PRODUCT = YES;
			};
			name = Release;
		};
		ACF8D8AB2046D9D70080579A /* Debug */ = {
			isa = XCBuildConfiguration;
			buildSettings = {
				ASSETCATALOG_COMPILER_APPICON_NAME = AppIcon;
				CODE_SIGN_STYLE = Automatic;
				DEVELOPMENT_TEAM = FY4PA9E3BA;
				INFOPLIST_FILE = DemoSQLite/Info.plist;
				LD_RUNPATH_SEARCH_PATHS = "$(inherited) @executable_path/Frameworks";
				PRODUCT_BUNDLE_IDENTIFIER = com.ftechiz.bitserve.DemoSQLite;
				PRODUCT_NAME = "$(TARGET_NAME)";
				SWIFT_VERSION = 4.0;
				TARGETED_DEVICE_FAMILY = "1,2";
			};
			name = Debug;
		};
		ACF8D8AC2046D9D70080579A /* Release */ = {
			isa = XCBuildConfiguration;
			buildSettings = {
				ASSETCATALOG_COMPILER_APPICON_NAME = AppIcon;
				CODE_SIGN_STYLE = Automatic;
				DEVELOPMENT_TEAM = FY4PA9E3BA;
				INFOPLIST_FILE = DemoSQLite/Info.plist;
				LD_RUNPATH_SEARCH_PATHS = "$(inherited) @executable_path/Frameworks";
				PRODUCT_BUNDLE_IDENTIFIER = com.ftechiz.bitserve.DemoSQLite;
				PRODUCT_NAME = "$(TARGET_NAME)";
				SWIFT_VERSION = 4.0;
				TARGETED_DEVICE_FAMILY = "1,2";
			};
			name = Release;
		};
/* End XCBuildConfiguration section */

/* Begin XCConfigurationList section */
		ACF8D8902046D9D70080579A /* Build configuration list for PBXProject "DemoSQLite" */ = {
			isa = XCConfigurationList;
			buildConfigurations = (
				ACF8D8A82046D9D70080579A /* Debug */,
				ACF8D8A92046D9D70080579A /* Release */,
			);
			defaultConfigurationIsVisible = 0;
			defaultConfigurationName = Release;
		};
		ACF8D8AA2046D9D70080579A /* Build configuration list for PBXNativeTarget "DemoSQLite" */ = {
			isa = XCConfigurationList;
			buildConfigurations = (
				ACF8D8AB2046D9D70080579A /* Debug */,
				ACF8D8AC2046D9D70080579A /* Release */,
			);
			defaultConfigurationIsVisible = 0;
			defaultConfigurationName = Release;
		};
/* End XCConfigurationList section */

/* Begin XCVersionGroup section */
		ACF8D89F2046D9D70080579A /* DemoSQLite.xcdatamodeld */ = {
			isa = XCVersionGroup;
			children = (
				ACF8D8A02046D9D70080579A /* DemoSQLite.xcdatamodel */,
			);
			currentVersion = ACF8D8A02046D9D70080579A /* DemoSQLite.xcdatamodel */;
			path = DemoSQLite.xcdatamodeld;
			sourceTree = "<group>";
			versionGroupType = wrapper.xcdatamodel;
		};
/* End XCVersionGroup section */
	};
	rootObject = ACF8D88D2046D9D70080579A /* Project object */;
}
